
Microsoft Visual Studio Solution File, Format Version 12.00
# Visual Studio 2012
Project("{FAE04EC0-301F-11D3-BF4B-00C04F79EFBC}") = "delegatedemo", "delegatedemo\delegatedemo.csproj", "{B370E5B2-85AE-4BBE-9519-AF49A72A3F06}"
EndProject
Project("{FAE04EC0-301F-11D3-BF4B-00C04F79EFBC}") = "Fileio", "..\Fileio\Fileio\Fileio.csproj", "{0C49AFDF-B938-4D2E-8DE4-E4229BD732B0}"
EndProject
Project("{FAE04EC0-301F-11D3-BF4B-00C04F79EFBC}") = "BLL", "BLL\BLL.csproj", "{EBFBFBF1-F49B-4879-BE0F-A00A3E63E267}"
EndProject
Global
	GlobalSection(SolutionConfigurationPlatforms) = preSolution
		Debug|Any CPU = Debug|Any CPU
		Debug|Mixed Platforms = Debug|Mixed Platforms
		Debug|x86 = Debug|x86
		Release|Any CPU = Release|Any CPU
		Release|Mixed Platforms = Release|Mixed Platforms
		Release|x86 = Release|x86
	EndGlobalSection
	GlobalSection(ProjectConfigurationPlatforms) = postSolution
		{B370E5B2-85AE-4BBE-9519-AF49A72A3F06}.Debug|Any CPU.ActiveCfg = Debug|x86
		{B370E5B2-85AE-4BBE-9519-AF49A72A3F06}.Debug|Mixed Platforms.ActiveCfg = Debug|x86
		{B370E5B2-85AE-4BBE-9519-AF49A72A3F06}.Debug|Mixed Platforms.Build.0 = Debug|x86
		{B370E5B2-85AE-4BBE-9519-AF49A72A3F06}.Debug|x86.ActiveCfg = Debug|x86
		{B370E5B2-85AE-4BBE-9519-AF49A72A3F06}.Debug|x86.Build.0 = Debug|x86
		{B370E5B2-85AE-4BBE-9519-AF49A72A3F06}.Release|Any CPU.ActiveCfg = Release|x86
		{B370E5B2-85AE-4BBE-9519-AF49A72A3F06}.Release|Mixed Platforms.ActiveCfg = Release|x86
		{B370E5B2-85AE-4BBE-9519-AF49A72A3F06}.Release|Mixed Platforms.Build.0 = Release|x86
		{B370E5B2-85AE-4BBE-9519-AF49A72A3F06}.Release|x86.ActiveCfg = Release|x86
		{B370E5B2-85AE-4BBE-9519-AF49A72A3F06}.Release|x86.Build.0 = Release|x86
		{0C49AFDF-B938-4D2E-8DE4-E4229BD732B0}.Debug|Any CPU.ActiveCfg = Debug|x86
		{0C49AFDF-B938-4D2E-8DE4-E4229BD732B0}.Debug|Mixed Platforms.ActiveCfg = Debug|x86
		{0C49AFDF-B938-4D2E-8DE4-E4229BD732B0}.Debug|Mixed Platforms.Build.0 = Debug|x86
		{0C49AFDF-B938-4D2E-8DE4-E4229BD732B0}.Debug|x86.ActiveCfg = Debug|x86
		{0C49AFDF-B938-4D2E-8DE4-E4229BD732B0}.Debug|x86.Build.0 = Debug|x86
		{0C49AFDF-B938-4D2E-8DE4-E4229BD732B0}.Release|Any CPU.ActiveCfg = Release|x86
		{0C49AFDF-B938-4D2E-8DE4-E4229BD732B0}.Release|Mixed Platforms.ActiveCfg = Release|x86
		{0C49AFDF-B938-4D2E-8DE4-E4229BD732B0}.Release|Mixed Platforms.Build.0 = Release|x86
		{0C49AFDF-B938-4D2E-8DE4-E4229BD732B0}.Release|x86.ActiveCfg = Release|x86
		{0C49AFDF-B938-4D2E-8DE4-E4229BD732B0}.Release|x86.Build.0 = Release|x86
		{EBFBFBF1-F49B-4879-BE0F-A00A3E63E267}.Debug|Any CPU.ActiveCfg = Debug|Any CPU
		{EBFBFBF1-F49B-4879-BE0F-A00A3E63E267}.Debug|Any CPU.Build.0 = Debug|Any CPU
		{EBFBFBF1-F49B-4879-BE0F-A00A3E63E267}.Debug|Mixed Platforms.ActiveCfg = Debug|Any CPU
		{EBFBFBF1-F49B-4879-BE0F-A00A3E63E267}.Debug|Mixed Platforms.Build.0 = Debug|Any CPU
		{EBFBFBF1-F49B-4879-BE0F-A00A3E63E267}.Debug|x86.ActiveCfg = Debug|Any CPU
		{EBFBFBF1-F49B-4879-BE0F-A00A3E63E267}.Release|Any CPU.ActiveCfg = Release|Any CPU
		{EBFBFBF1-F49B-4879-BE0F-A00A3E63E267}.Release|Any CPU.Build.0 = Release|Any CPU
		{EBFBFBF1-F49B-4879-BE0F-A00A3E63E267}.Release|Mixed Platforms.ActiveCfg = Release|Any CPU
		{EBFBFBF1-F49B-4879-BE0F-A00A3E63E267}.Release|Mixed Platforms.Build.0 = Release|Any CPU
		{EBFBFBF1-F49B-4879-BE0F-A00A3E63E267}.Release|x86.ActiveCfg = Release|Any CPU
	EndGlobalSection
	GlobalSection(SolutionProperties) = preSolution
		HideSolutionNode = FALSE
	EndGlobalSection
EndGlobal
