
Microsoft Visual Studio Solution File, Format Version 10.00
# Visual Studio 2008
Project("{FAE04EC0-301F-11D3-BF4B-00C04F79EFBC}") = "demo1", "demo1\demo1.csproj", "{21794B91-6895-4111-B35A-6051C8503A48}"
EndProject
Global
	GlobalSection(SolutionConfigurationPlatforms) = preSolution
		Debug|Any CPU = Debug|Any CPU
		Release|Any CPU = Release|Any CPU
	EndGlobalSection
	GlobalSection(ProjectConfigurationPlatforms) = postSolution
		{21794B91-6895-4111-B35A-6051C8503A48}.Debug|Any CPU.ActiveCfg = Debug|Any CPU
		{21794B91-6895-4111-B35A-6051C8503A48}.Debug|Any CPU.Build.0 = Debug|Any CPU
		{21794B91-6895-4111-B35A-6051C8503A48}.Release|Any CPU.ActiveCfg = Release|Any CPU
		{21794B91-6895-4111-B35A-6051C8503A48}.Release|Any CPU.Build.0 = Release|Any CPU
	EndGlobalSection
	GlobalSection(SolutionProperties) = preSolution
		HideSolutionNode = FALSE
	EndGlobalSection
EndGlobal
